
Microsoft Visual Studio Solution File, Format Version 12.00
# Visual Studio 2012
Project("{FAE04EC0-301F-11D3-BF4B-00C04F79EFBC}") = "JsCallback", "JsCallback\JsCallback.csproj", "{8680CF55-19CB-4670-AC26-BFD1EE337DDA}"
EndProject
Global
	GlobalSection(SolutionConfigurationPlatforms) = preSolution
		Debug|Any CPU = Debug|Any CPU
		Release|Any CPU = Release|Any CPU
	EndGlobalSection
	GlobalSection(ProjectConfigurationPlatforms) = postSolution
		{8680CF55-19CB-4670-AC26-BFD1EE337DDA}.Debug|Any CPU.ActiveCfg = Debug|Any CPU
		{8680CF55-19CB-4670-AC26-BFD1EE337DDA}.Debug|Any CPU.Build.0 = Debug|Any CPU
		{8680CF55-19CB-4670-AC26-BFD1EE337DDA}.Release|Any CPU.ActiveCfg = Release|Any CPU
		{8680CF55-19CB-4670-AC26-BFD1EE337DDA}.Release|Any CPU.Build.0 = Release|Any CPU
	EndGlobalSection
	GlobalSection(SolutionProperties) = preSolution
		HideSolutionNode = FALSE
	EndGlobalSection
EndGlobal
