
Microsoft Visual Studio Solution File, Format Version 12.00
# Visual Studio 2012
Project("{FAE04EC0-301F-11D3-BF4B-00C04F79EFBC}") = "GetTbData", "GetTbData\GetTbData.csproj", "{624D32E8-AE45-4FD0-9ADE-DC7447AE5397}"
EndProject
Project("{FAE04EC0-301F-11D3-BF4B-00C04F79EFBC}") = "TopSdk", "GetTbData\ExternalResource\taobao-sdk-net-online_standard\taobao-sdk-net-online_standard-20130425-source\TopSdk.csproj", "{9C11CAE5-5188-4E71-825B-68FC3135728A}"
EndProject
Global
	GlobalSection(SolutionConfigurationPlatforms) = preSolution
		Debug|Any CPU = Debug|Any CPU
		Release|Any CPU = Release|Any CPU
	EndGlobalSection
	GlobalSection(ProjectConfigurationPlatforms) = postSolution
		{624D32E8-AE45-4FD0-9ADE-DC7447AE5397}.Debug|Any CPU.ActiveCfg = Debug|Any CPU
		{624D32E8-AE45-4FD0-9ADE-DC7447AE5397}.Debug|Any CPU.Build.0 = Debug|Any CPU
		{624D32E8-AE45-4FD0-9ADE-DC7447AE5397}.Release|Any CPU.ActiveCfg = Release|Any CPU
		{624D32E8-AE45-4FD0-9ADE-DC7447AE5397}.Release|Any CPU.Build.0 = Release|Any CPU
		{9C11CAE5-5188-4E71-825B-68FC3135728A}.Debug|Any CPU.ActiveCfg = Debug|Any CPU
		{9C11CAE5-5188-4E71-825B-68FC3135728A}.Debug|Any CPU.Build.0 = Debug|Any CPU
		{9C11CAE5-5188-4E71-825B-68FC3135728A}.Release|Any CPU.ActiveCfg = Release|Any CPU
		{9C11CAE5-5188-4E71-825B-68FC3135728A}.Release|Any CPU.Build.0 = Release|Any CPU
	EndGlobalSection
	GlobalSection(SolutionProperties) = preSolution
		HideSolutionNode = FALSE
	EndGlobalSection
EndGlobal
